// !$*UTF8*$!
{
	archiveVersion = 1;
	classes = {
	};
	objectVersion = 51;
	objects = {

/* Begin PBXBuildFile section */
		71448D3222C823120030669A /* RDValue.h in Headers */ = {isa = PBXBuildFile; fileRef = 71448D3022C823120030669A /* RDValue.h */; settings = {ATTRIBUTES = (Public, ); }; };
		71448D3322C823120030669A /* RDValue.mm in Sources */ = {isa = PBXBuildFile; fileRef = 71448D3122C823120030669A /* RDValue.mm */; };
		71448D4922C835F00030669A /* RDCommon.h in Headers */ = {isa = PBXBuildFile; fileRef = 71448D4722C835F00030669A /* RDCommon.h */; settings = {ATTRIBUTES = (Public, ); }; };
		71448D4A22C835F00030669A /* RDCommon.m in Sources */ = {isa = PBXBuildFile; fileRef = 71448D4822C835F00030669A /* RDCommon.m */; };
		716A1CBC22C2683E002BA968 /* RDSmoke.h in Headers */ = {isa = PBXBuildFile; fileRef = 716A1CBA22C2683E002BA968 /* RDSmoke.h */; settings = {ATTRIBUTES = (Public, ); }; };
		716A1CBD22C2683E002BA968 /* RDSmoke.mm in Sources */ = {isa = PBXBuildFile; fileRef = 716A1CBB22C2683E002BA968 /* RDSmoke.mm */; };
		7194C17922C2564E001E9656 /* SmokeAndMirrors.framework in Frameworks */ = {isa = PBXBuildFile; fileRef = 7194C16F22C2564D001E9656 /* SmokeAndMirrors.framework */; };
		7194C17E22C2564E001E9656 /* SmokeAndMirrorsTests.m in Sources */ = {isa = PBXBuildFile; fileRef = 7194C17D22C2564E001E9656 /* SmokeAndMirrorsTests.m */; };
		7194C18022C2564E001E9656 /* SmokeAndMirrors.h in Headers */ = {isa = PBXBuildFile; fileRef = 7194C17222C2564D001E9656 /* SmokeAndMirrors.h */; settings = {ATTRIBUTES = (Public, ); }; };
		7194C18C22C25A02001E9656 /* RDMirror.h in Headers */ = {isa = PBXBuildFile; fileRef = 7194C18A22C25A02001E9656 /* RDMirror.h */; settings = {ATTRIBUTES = (Public, ); }; };
		7194C18D22C25A02001E9656 /* RDMirror.mm in Sources */ = {isa = PBXBuildFile; fileRef = 7194C18B22C25A02001E9656 /* RDMirror.mm */; };
		71D06DA822C26CAF00568CAE /* RDMirrorPrivate.h in Headers */ = {isa = PBXBuildFile; fileRef = 71D06DA722C26CAF00568CAE /* RDMirrorPrivate.h */; };
		71D06DAB22C2B35000568CAE /* RDType.h in Headers */ = {isa = PBXBuildFile; fileRef = 71D06DA922C2B35000568CAE /* RDType.h */; settings = {ATTRIBUTES = (Public, ); }; };
		71D06DAC22C2B35000568CAE /* RDType.mm in Sources */ = {isa = PBXBuildFile; fileRef = 71D06DAA22C2B35000568CAE /* RDType.mm */; };
		71D06DAE22C2B4F500568CAE /* RDPrivate.h in Headers */ = {isa = PBXBuildFile; fileRef = 71D06DAD22C2B4F500568CAE /* RDPrivate.h */; };
/* End PBXBuildFile section */

/* Begin PBXContainerItemProxy section */
		7194C17A22C2564E001E9656 /* PBXContainerItemProxy */ = {
			isa = PBXContainerItemProxy;
			containerPortal = 7194C16622C2564D001E9656 /* Project object */;
			proxyType = 1;
			remoteGlobalIDString = 7194C16E22C2564D001E9656;
			remoteInfo = SmokeAndMirrors;
		};
/* End PBXContainerItemProxy section */

/* Begin PBXFileReference section */
		71448D3022C823120030669A /* RDValue.h */ = {isa = PBXFileReference; lastKnownFileType = sourcecode.c.h; path = RDValue.h; sourceTree = "<group>"; };
		71448D3122C823120030669A /* RDValue.mm */ = {isa = PBXFileReference; lastKnownFileType = sourcecode.cpp.objcpp; path = RDValue.mm; sourceTree = "<group>"; };
		71448D4722C835F00030669A /* RDCommon.h */ = {isa = PBXFileReference; lastKnownFileType = sourcecode.c.h; path = RDCommon.h; sourceTree = "<group>"; };
		71448D4822C835F00030669A /* RDCommon.m */ = {isa = PBXFileReference; lastKnownFileType = sourcecode.c.objc; path = RDCommon.m; sourceTree = "<group>"; };
		716A1CBA22C2683E002BA968 /* RDSmoke.h */ = {isa = PBXFileReference; lastKnownFileType = sourcecode.c.h; path = RDSmoke.h; sourceTree = "<group>"; };
		716A1CBB22C2683E002BA968 /* RDSmoke.mm */ = {isa = PBXFileReference; lastKnownFileType = sourcecode.cpp.objcpp; path = RDSmoke.mm; sourceTree = "<group>"; };
		7194C16F22C2564D001E9656 /* SmokeAndMirrors.framework */ = {isa = PBXFileReference; explicitFileType = wrapper.framework; includeInIndex = 0; path = SmokeAndMirrors.framework; sourceTree = BUILT_PRODUCTS_DIR; };
		7194C17222C2564D001E9656 /* SmokeAndMirrors.h */ = {isa = PBXFileReference; lastKnownFileType = sourcecode.c.h; path = SmokeAndMirrors.h; sourceTree = "<group>"; };
		7194C17322C2564D001E9656 /* Info.plist */ = {isa = PBXFileReference; lastKnownFileType = text.plist.xml; path = Info.plist; sourceTree = "<group>"; };
		7194C17822C2564E001E9656 /* SmokeAndMirrorsTests.xctest */ = {isa = PBXFileReference; explicitFileType = wrapper.cfbundle; includeInIndex = 0; path = SmokeAndMirrorsTests.xctest; sourceTree = BUILT_PRODUCTS_DIR; };
		7194C17D22C2564E001E9656 /* SmokeAndMirrorsTests.m */ = {isa = PBXFileReference; lastKnownFileType = sourcecode.c.objc; path = SmokeAndMirrorsTests.m; sourceTree = "<group>"; };
		7194C17F22C2564E001E9656 /* Info.plist */ = {isa = PBXFileReference; lastKnownFileType = text.plist.xml; path = Info.plist; sourceTree = "<group>"; };
		7194C18A22C25A02001E9656 /* RDMirror.h */ = {isa = PBXFileReference; lastKnownFileType = sourcecode.c.h; path = RDMirror.h; sourceTree = "<group>"; };
		7194C18B22C25A02001E9656 /* RDMirror.mm */ = {isa = PBXFileReference; lastKnownFileType = sourcecode.cpp.objcpp; path = RDMirror.mm; sourceTree = "<group>"; };
		71D06DA722C26CAF00568CAE /* RDMirrorPrivate.h */ = {isa = PBXFileReference; lastKnownFileType = sourcecode.c.h; path = RDMirrorPrivate.h; sourceTree = "<group>"; };
		71D06DA922C2B35000568CAE /* RDType.h */ = {isa = PBXFileReference; lastKnownFileType = sourcecode.c.h; path = RDType.h; sourceTree = "<group>"; };
		71D06DAA22C2B35000568CAE /* RDType.mm */ = {isa = PBXFileReference; lastKnownFileType = sourcecode.cpp.objcpp; path = RDType.mm; sourceTree = "<group>"; };
		71D06DAD22C2B4F500568CAE /* RDPrivate.h */ = {isa = PBXFileReference; lastKnownFileType = sourcecode.c.h; path = RDPrivate.h; sourceTree = "<group>"; };
/* End PBXFileReference section */

/* Begin PBXFrameworksBuildPhase section */
		7194C16C22C2564D001E9656 /* Frameworks */ = {
			isa = PBXFrameworksBuildPhase;
			buildActionMask = 2147483647;
			files = (
			);
			runOnlyForDeploymentPostprocessing = 0;
		};
		7194C17522C2564E001E9656 /* Frameworks */ = {
			isa = PBXFrameworksBuildPhase;
			buildActionMask = 2147483647;
			files = (
				7194C17922C2564E001E9656 /* SmokeAndMirrors.framework in Frameworks */,
			);
			runOnlyForDeploymentPostprocessing = 0;
		};
/* End PBXFrameworksBuildPhase section */

/* Begin PBXGroup section */
		7194C16522C2564D001E9656 = {
			isa = PBXGroup;
			children = (
				7194C17122C2564D001E9656 /* SmokeAndMirrors */,
				7194C17C22C2564E001E9656 /* SmokeAndMirrorsTests */,
				7194C17022C2564D001E9656 /* Products */,
			);
			sourceTree = "<group>";
		};
		7194C17022C2564D001E9656 /* Products */ = {
			isa = PBXGroup;
			children = (
				7194C16F22C2564D001E9656 /* SmokeAndMirrors.framework */,
				7194C17822C2564E001E9656 /* SmokeAndMirrorsTests.xctest */,
			);
			name = Products;
			sourceTree = "<group>";
		};
		7194C17122C2564D001E9656 /* SmokeAndMirrors */ = {
			isa = PBXGroup;
			children = (
				7194C18922C25995001E9656 /* SmokeAndMirrors */,
				7194C17222C2564D001E9656 /* SmokeAndMirrors.h */,
				7194C17322C2564D001E9656 /* Info.plist */,
			);
			path = SmokeAndMirrors;
			sourceTree = "<group>";
		};
		7194C17C22C2564E001E9656 /* SmokeAndMirrorsTests */ = {
			isa = PBXGroup;
			children = (
				7194C17D22C2564E001E9656 /* SmokeAndMirrorsTests.m */,
				7194C17F22C2564E001E9656 /* Info.plist */,
			);
			path = SmokeAndMirrorsTests;
			sourceTree = "<group>";
		};
		7194C18922C25995001E9656 /* SmokeAndMirrors */ = {
			isa = PBXGroup;
			children = (
				71D06DAD22C2B4F500568CAE /* RDPrivate.h */,
				71448D4722C835F00030669A /* RDCommon.h */,
				71448D4822C835F00030669A /* RDCommon.m */,
				7194C18A22C25A02001E9656 /* RDMirror.h */,
				7194C18B22C25A02001E9656 /* RDMirror.mm */,
				71D06DA722C26CAF00568CAE /* RDMirrorPrivate.h */,
				71D06DA922C2B35000568CAE /* RDType.h */,
				71D06DAA22C2B35000568CAE /* RDType.mm */,
				716A1CBA22C2683E002BA968 /* RDSmoke.h */,
				716A1CBB22C2683E002BA968 /* RDSmoke.mm */,
				71448D3022C823120030669A /* RDValue.h */,
				71448D3122C823120030669A /* RDValue.mm */,
			);
			path = SmokeAndMirrors;
			sourceTree = "<group>";
		};
/* End PBXGroup section */

/* Begin PBXHeadersBuildPhase section */
		7194C16A22C2564D001E9656 /* Headers */ = {
			isa = PBXHeadersBuildPhase;
			buildActionMask = 2147483647;
			files = (
				71448D3222C823120030669A /* RDValue.h in Headers */,
				716A1CBC22C2683E002BA968 /* RDSmoke.h in Headers */,
				71D06DAB22C2B35000568CAE /* RDType.h in Headers */,
				7194C18022C2564E001E9656 /* SmokeAndMirrors.h in Headers */,
				71D06DAE22C2B4F500568CAE /* RDPrivate.h in Headers */,
				7194C18C22C25A02001E9656 /* RDMirror.h in Headers */,
				71D06DA822C26CAF00568CAE /* RDMirrorPrivate.h in Headers */,
				71448D4922C835F00030669A /* RDCommon.h in Headers */,
			);
			runOnlyForDeploymentPostprocessing = 0;
		};
/* End PBXHeadersBuildPhase section */

/* Begin PBXNativeTarget section */
		7194C16E22C2564D001E9656 /* SmokeAndMirrors */ = {
			isa = PBXNativeTarget;
			buildConfigurationList = 7194C18322C2564E001E9656 /* Build configuration list for PBXNativeTarget "SmokeAndMirrors" */;
			buildPhases = (
				7194C16A22C2564D001E9656 /* Headers */,
				7194C16B22C2564D001E9656 /* Sources */,
				7194C16C22C2564D001E9656 /* Frameworks */,
				7194C16D22C2564D001E9656 /* Resources */,
			);
			buildRules = (
			);
			dependencies = (
			);
			name = SmokeAndMirrors;
			productName = SmokeAndMirrors;
			productReference = 7194C16F22C2564D001E9656 /* SmokeAndMirrors.framework */;
			productType = "com.apple.product-type.framework";
		};
		7194C17722C2564E001E9656 /* SmokeAndMirrorsTests */ = {
			isa = PBXNativeTarget;
			buildConfigurationList = 7194C18622C2564E001E9656 /* Build configuration list for PBXNativeTarget "SmokeAndMirrorsTests" */;
			buildPhases = (
				7194C17422C2564E001E9656 /* Sources */,
				7194C17522C2564E001E9656 /* Frameworks */,
				7194C17622C2564E001E9656 /* Resources */,
			);
			buildRules = (
			);
			dependencies = (
				7194C17B22C2564E001E9656 /* PBXTargetDependency */,
			);
			name = SmokeAndMirrorsTests;
			productName = SmokeAndMirrorsTests;
			productReference = 7194C17822C2564E001E9656 /* SmokeAndMirrorsTests.xctest */;
			productType = "com.apple.product-type.bundle.unit-test";
		};
/* End PBXNativeTarget section */

/* Begin PBXProject section */
		7194C16622C2564D001E9656 /* Project object */ = {
			isa = PBXProject;
			attributes = {
				LastUpgradeCheck = 1100;
				ORGANIZATIONNAME = "Gleb Lukianets";
				TargetAttributes = {
					7194C16E22C2564D001E9656 = {
						CreatedOnToolsVersion = 11.0;
					};
					7194C17722C2564E001E9656 = {
						CreatedOnToolsVersion = 11.0;
					};
				};
			};
			buildConfigurationList = 7194C16922C2564D001E9656 /* Build configuration list for PBXProject "SmokeAndMirrors" */;
			compatibilityVersion = "Xcode 10.0";
			developmentRegion = en;
			hasScannedForEncodings = 0;
			knownRegions = (
				en,
				Base,
			);
			mainGroup = 7194C16522C2564D001E9656;
			productRefGroup = 7194C17022C2564D001E9656 /* Products */;
			projectDirPath = "";
			projectRoot = "";
			targets = (
				7194C16E22C2564D001E9656 /* SmokeAndMirrors */,
				7194C17722C2564E001E9656 /* SmokeAndMirrorsTests */,
			);
		};
/* End PBXProject section */

/* Begin PBXResourcesBuildPhase section */
		7194C16D22C2564D001E9656 /* Resources */ = {
			isa = PBXResourcesBuildPhase;
			buildActionMask = 2147483647;
			files = (
			);
			runOnlyForDeploymentPostprocessing = 0;
		};
		7194C17622C2564E001E9656 /* Resources */ = {
			isa = PBXResourcesBuildPhase;
			buildActionMask = 2147483647;
			files = (
			);
			runOnlyForDeploymentPostprocessing = 0;
		};
/* End PBXResourcesBuildPhase section */

/* Begin PBXSourcesBuildPhase section */
		7194C16B22C2564D001E9656 /* Sources */ = {
			isa = PBXSourcesBuildPhase;
			buildActionMask = 2147483647;
			files = (
				71448D4A22C835F00030669A /* RDCommon.m in Sources */,
				7194C18D22C25A02001E9656 /* RDMirror.mm in Sources */,
				71D06DAC22C2B35000568CAE /* RDType.mm in Sources */,
				716A1CBD22C2683E002BA968 /* RDSmoke.mm in Sources */,
				71448D3322C823120030669A /* RDValue.mm in Sources */,
			);
			runOnlyForDeploymentPostprocessing = 0;
		};
		7194C17422C2564E001E9656 /* Sources */ = {
			isa = PBXSourcesBuildPhase;
			buildActionMask = 2147483647;
			files = (
				7194C17E22C2564E001E9656 /* SmokeAndMirrorsTests.m in Sources */,
			);
			runOnlyForDeploymentPostprocessing = 0;
		};
/* End PBXSourcesBuildPhase section */

/* Begin PBXTargetDependency section */
		7194C17B22C2564E001E9656 /* PBXTargetDependency */ = {
			isa = PBXTargetDependency;
			target = 7194C16E22C2564D001E9656 /* SmokeAndMirrors */;
			targetProxy = 7194C17A22C2564E001E9656 /* PBXContainerItemProxy */;
		};
/* End PBXTargetDependency section */

/* Begin XCBuildConfiguration section */
		7194C18122C2564E001E9656 /* Debug */ = {
			isa = XCBuildConfiguration;
			buildSettings = {
				ALWAYS_SEARCH_USER_PATHS = NO;
				CLANG_ANALYZER_NONNULL = YES;
				CLANG_ANALYZER_NUMBER_OBJECT_CONVERSION = YES_AGGRESSIVE;
				CLANG_CXX_LANGUAGE_STANDARD = "gnu++17";
				CLANG_CXX_LIBRARY = "libc++";
				CLANG_ENABLE_MODULES = YES;
				CLANG_ENABLE_OBJC_ARC = YES;
				CLANG_ENABLE_OBJC_WEAK = YES;
				CLANG_WARN_BLOCK_CAPTURE_AUTORELEASING = YES;
				CLANG_WARN_BOOL_CONVERSION = YES;
				CLANG_WARN_COMMA = YES;
				CLANG_WARN_CONSTANT_CONVERSION = YES;
				CLANG_WARN_DEPRECATED_OBJC_IMPLEMENTATIONS = YES;
				CLANG_WARN_DIRECT_OBJC_ISA_USAGE = YES_ERROR;
				CLANG_WARN_DOCUMENTATION_COMMENTS = YES;
				CLANG_WARN_EMPTY_BODY = YES;
				CLANG_WARN_ENUM_CONVERSION = YES;
				CLANG_WARN_INFINITE_RECURSION = YES;
				CLANG_WARN_INT_CONVERSION = YES;
				CLANG_WARN_NON_LITERAL_NULL_CONVERSION = YES;
				CLANG_WARN_OBJC_IMPLICIT_RETAIN_SELF = YES;
				CLANG_WARN_OBJC_LITERAL_CONVERSION = YES;
				CLANG_WARN_OBJC_ROOT_CLASS = YES_ERROR;
				CLANG_WARN_RANGE_LOOP_ANALYSIS = YES;
				CLANG_WARN_STRICT_PROTOTYPES = YES;
				CLANG_WARN_SUSPICIOUS_MOVE = YES;
				CLANG_WARN_UNGUARDED_AVAILABILITY = YES_AGGRESSIVE;
				CLANG_WARN_UNREACHABLE_CODE = YES;
				CLANG_WARN__DUPLICATE_METHOD_MATCH = YES;
				COPY_PHASE_STRIP = NO;
				CURRENT_PROJECT_VERSION = 1;
				DEBUG_INFORMATION_FORMAT = dwarf;
				ENABLE_STRICT_OBJC_MSGSEND = YES;
				ENABLE_TESTABILITY = YES;
				GCC_C_LANGUAGE_STANDARD = gnu11;
				GCC_DYNAMIC_NO_PIC = NO;
				GCC_NO_COMMON_BLOCKS = YES;
				GCC_OPTIMIZATION_LEVEL = 0;
				GCC_PREPROCESSOR_DEFINITIONS = (
					"DEBUG=1",
					"$(inherited)",
				);
				GCC_WARN_64_TO_32_BIT_CONVERSION = YES;
				GCC_WARN_ABOUT_RETURN_TYPE = YES_ERROR;
				GCC_WARN_UNDECLARED_SELECTOR = YES;
				GCC_WARN_UNINITIALIZED_AUTOS = YES_AGGRESSIVE;
				GCC_WARN_UNUSED_FUNCTION = YES;
				GCC_WARN_UNUSED_VARIABLE = YES;
				IPHONEOS_DEPLOYMENT_TARGET = 13.0;
				MTL_ENABLE_DEBUG_INFO = INCLUDE_SOURCE;
				MTL_FAST_MATH = YES;
				ONLY_ACTIVE_ARCH = YES;
				OTHER_CFLAGS = "-Wno-logical-op-parentheses";
				SDKROOT = iphoneos;
				SUPPORTED_PLATFORMS = "iphonesimulator iphoneos watchsimulator watchos appletvsimulator appletvos macosx";
				VERSIONING_SYSTEM = "apple-generic";
				VERSION_INFO_PREFIX = "";
			};
			name = Debug;
		};
		7194C18222C2564E001E9656 /* Release */ = {
			isa = XCBuildConfiguration;
			buildSettings = {
				ALWAYS_SEARCH_USER_PATHS = NO;
				CLANG_ANALYZER_NONNULL = YES;
				CLANG_ANALYZER_NUMBER_OBJECT_CONVERSION = YES_AGGRESSIVE;
				CLANG_CXX_LANGUAGE_STANDARD = "gnu++17";
				CLANG_CXX_LIBRARY = "libc++";
				CLANG_ENABLE_MODULES = YES;
				CLANG_ENABLE_OBJC_ARC = YES;
				CLANG_ENABLE_OBJC_WEAK = YES;
				CLANG_WARN_BLOCK_CAPTURE_AUTORELEASING = YES;
				CLANG_WARN_BOOL_CONVERSION = YES;
				CLANG_WARN_COMMA = YES;
				CLANG_WARN_CONSTANT_CONVERSION = YES;
				CLANG_WARN_DEPRECATED_OBJC_IMPLEMENTATIONS = YES;
				CLANG_WARN_DIRECT_OBJC_ISA_USAGE = YES_ERROR;
				CLANG_WARN_DOCUMENTATION_COMMENTS = YES;
				CLANG_WARN_EMPTY_BODY = YES;
				CLANG_WARN_ENUM_CONVERSION = YES;
				CLANG_WARN_INFINITE_RECURSION = YES;
				CLANG_WARN_INT_CONVERSION = YES;
				CLANG_WARN_NON_LITERAL_NULL_CONVERSION = YES;
				CLANG_WARN_OBJC_IMPLICIT_RETAIN_SELF = YES;
				CLANG_WARN_OBJC_LITERAL_CONVERSION = YES;
				CLANG_WARN_OBJC_ROOT_CLASS = YES_ERROR;
				CLANG_WARN_RANGE_LOOP_ANALYSIS = YES;
				CLANG_WARN_STRICT_PROTOTYPES = YES;
				CLANG_WARN_SUSPICIOUS_MOVE = YES;
				CLANG_WARN_UNGUARDED_AVAILABILITY = YES_AGGRESSIVE;
				CLANG_WARN_UNREACHABLE_CODE = YES;
				CLANG_WARN__DUPLICATE_METHOD_MATCH = YES;
				COPY_PHASE_STRIP = NO;
				CURRENT_PROJECT_VERSION = 1;
				DEBUG_INFORMATION_FORMAT = "dwarf-with-dsym";
				ENABLE_NS_ASSERTIONS = NO;
				ENABLE_STRICT_OBJC_MSGSEND = YES;
				GCC_C_LANGUAGE_STANDARD = gnu11;
				GCC_NO_COMMON_BLOCKS = YES;
				GCC_WARN_64_TO_32_BIT_CONVERSION = YES;
				GCC_WARN_ABOUT_RETURN_TYPE = YES_ERROR;
				GCC_WARN_UNDECLARED_SELECTOR = YES;
				GCC_WARN_UNINITIALIZED_AUTOS = YES_AGGRESSIVE;
				GCC_WARN_UNUSED_FUNCTION = YES;
				GCC_WARN_UNUSED_VARIABLE = YES;
				IPHONEOS_DEPLOYMENT_TARGET = 13.0;
				MTL_ENABLE_DEBUG_INFO = NO;
				MTL_FAST_MATH = YES;
				OTHER_CFLAGS = "-Wno-logical-op-parentheses";
				SDKROOT = iphoneos;
				SUPPORTED_PLATFORMS = "iphonesimulator iphoneos watchsimulator watchos appletvsimulator appletvos macosx";
				VALIDATE_PRODUCT = YES;
				VERSIONING_SYSTEM = "apple-generic";
				VERSION_INFO_PREFIX = "";
			};
			name = Release;
		};
		7194C18422C2564E001E9656 /* Debug */ = {
			isa = XCBuildConfiguration;
			buildSettings = {
				APPLICATION_EXTENSION_API_ONLY = YES;
				CODE_SIGN_STYLE = Automatic;
				DEFINES_MODULE = YES;
				DEVELOPMENT_TEAM = "";
				DYLIB_COMPATIBILITY_VERSION = 1;
				DYLIB_CURRENT_VERSION = 1;
				DYLIB_INSTALL_NAME_BASE = "@rpath";
				INFOPLIST_FILE = SmokeAndMirrors/Info.plist;
				INSTALL_PATH = "$(LOCAL_LIBRARY_DIR)/Frameworks";
				IPHONEOS_DEPLOYMENT_TARGET = 13.0;
				LD_RUNPATH_SEARCH_PATHS = (
					"$(inherited)",
					"@executable_path/Frameworks",
					"@loader_path/Frameworks",
				);
				PRODUCT_BUNDLE_IDENTIFIER = net.gleba.SmokeAndMirrors;
				PRODUCT_NAME = "$(TARGET_NAME:c99extidentifier)";
				SKIP_INSTALL = YES;
				TARGETED_DEVICE_FAMILY = "1,2";
			};
			name = Debug;
		};
		7194C18522C2564E001E9656 /* Release */ = {
			isa = XCBuildConfiguration;
			buildSettings = {
				APPLICATION_EXTENSION_API_ONLY = YES;
				CODE_SIGN_STYLE = Automatic;
				DEFINES_MODULE = YES;
				DEVELOPMENT_TEAM = "";
				DYLIB_COMPATIBILITY_VERSION = 1;
				DYLIB_CURRENT_VERSION = 1;
				DYLIB_INSTALL_NAME_BASE = "@rpath";
				INFOPLIST_FILE = SmokeAndMirrors/Info.plist;
				INSTALL_PATH = "$(LOCAL_LIBRARY_DIR)/Frameworks";
				IPHONEOS_DEPLOYMENT_TARGET = 13.0;
				LD_RUNPATH_SEARCH_PATHS = (
					"$(inherited)",
					"@executable_path/Frameworks",
					"@loader_path/Frameworks",
				);
				PRODUCT_BUNDLE_IDENTIFIER = net.gleba.SmokeAndMirrors;
				PRODUCT_NAME = "$(TARGET_NAME:c99extidentifier)";
				SKIP_INSTALL = YES;
				TARGETED_DEVICE_FAMILY = "1,2";
			};
			name = Release;
		};
		7194C18722C2564E001E9656 /* Debug */ = {
			isa = XCBuildConfiguration;
			buildSettings = {
				CODE_SIGN_STYLE = Automatic;
				DEVELOPMENT_TEAM = "";
				INFOPLIST_FILE = SmokeAndMirrorsTests/Info.plist;
				LD_RUNPATH_SEARCH_PATHS = (
					"$(inherited)",
					"@executable_path/Frameworks",
					"@loader_path/Frameworks",
				);
				PRODUCT_BUNDLE_IDENTIFIER = net.gleba.SmokeAndMirrorsTests;
				PRODUCT_NAME = "$(TARGET_NAME)";
				TARGETED_DEVICE_FAMILY = "1,2";
			};
			name = Debug;
		};
		7194C18822C2564E001E9656 /* Release */ = {
			isa = XCBuildConfiguration;
			buildSettings = {
				CODE_SIGN_STYLE = Automatic;
				DEVELOPMENT_TEAM = "";
				INFOPLIST_FILE = SmokeAndMirrorsTests/Info.plist;
				LD_RUNPATH_SEARCH_PATHS = (
					"$(inherited)",
					"@executable_path/Frameworks",
					"@loader_path/Frameworks",
				);
				PRODUCT_BUNDLE_IDENTIFIER = net.gleba.SmokeAndMirrorsTests;
				PRODUCT_NAME = "$(TARGET_NAME)";
				TARGETED_DEVICE_FAMILY = "1,2";
			};
			name = Release;
		};
/* End XCBuildConfiguration section */

/* Begin XCConfigurationList section */
		7194C16922C2564D001E9656 /* Build configuration list for PBXProject "SmokeAndMirrors" */ = {
			isa = XCConfigurationList;
			buildConfigurations = (
				7194C18122C2564E001E9656 /* Debug */,
				7194C18222C2564E001E9656 /* Release */,
			);
			defaultConfigurationIsVisible = 0;
			defaultConfigurationName = Release;
		};
		7194C18322C2564E001E9656 /* Build configuration list for PBXNativeTarget "SmokeAndMirrors" */ = {
			isa = XCConfigurationList;
			buildConfigurations = (
				7194C18422C2564E001E9656 /* Debug */,
				7194C18522C2564E001E9656 /* Release */,
			);
			defaultConfigurationIsVisible = 0;
			defaultConfigurationName = Release;
		};
		7194C18622C2564E001E9656 /* Build configuration list for PBXNativeTarget "SmokeAndMirrorsTests" */ = {
			isa = XCConfigurationList;
			buildConfigurations = (
				7194C18722C2564E001E9656 /* Debug */,
				7194C18822C2564E001E9656 /* Release */,
			);
			defaultConfigurationIsVisible = 0;
			defaultConfigurationName = Release;
		};
/* End XCConfigurationList section */
	};
	rootObject = 7194C16622C2564D001E9656 /* Project object */;
}
